
Microsoft Visual Studio Solution File, Format Version 12.00
# Visual Studio Version 16
VisualStudioVersion = 16.0.31313.79
MinimumVisualStudioVersion = 10.0.40219.1
Project("{8BC9CEB8-8B4A-11D0-8D11-00A0C91BC942}") = "Model_Loading", "Model_Loading.vcxproj", "{51C6B444-3C0F-4ADC-91F9-3D1705C2482B}"
EndProject
Global
	GlobalSection(SolutionConfigurationPlatforms) = preSolution
		Debug|x64 = Debug|x64
		Debug|x86 = Debug|x86
		Release|x64 = Release|x64
		Release|x86 = Release|x86
	EndGlobalSection
	GlobalSection(ProjectConfigurationPlatforms) = postSolution
		{51C6B444-3C0F-4ADC-91F9-3D1705C2482B}.Debug|x64.ActiveCfg = Debug|x64
		{51C6B444-3C0F-4ADC-91F9-3D1705C2482B}.Debug|x64.Build.0 = Debug|x64
		{51C6B444-3C0F-4ADC-91F9-3D1705C2482B}.Debug|x86.ActiveCfg = Debug|Win32
		{51C6B444-3C0F-4ADC-91F9-3D1705C2482B}.Debug|x86.Build.0 = Debug|Win32
		{51C6B444-3C0F-4ADC-91F9-3D1705C2482B}.Release|x64.ActiveCfg = Release|x64
		{51C6B444-3C0F-4ADC-91F9-3D1705C2482B}.Release|x64.Build.0 = Release|x64
		{51C6B444-3C0F-4ADC-91F9-3D1705C2482B}.Release|x86.ActiveCfg = Release|Win32
		{51C6B444-3C0F-4ADC-91F9-3D1705C2482B}.Release|x86.Build.0 = Release|Win32
	EndGlobalSection
	GlobalSection(SolutionProperties) = preSolution
		HideSolutionNode = FALSE
	EndGlobalSection
	GlobalSection(ExtensibilityGlobals) = postSolution
		SolutionGuid = {79DB2B12-C7FC-4CF1-85BE-8294886EB500}
	EndGlobalSection
EndGlobal
